
Microsoft Visual Studio Solution File, Format Version 12.00
# Visual Studio Version 16
VisualStudioVersion = 16.0.30804.86
MinimumVisualStudioVersion = 10.0.40219.1
Project("{FAE04EC0-301F-11D3-BF4B-00C04F79EFBC}") = "MyCurrency", "MyCurrency\MyCurrency.csproj", "{2B644145-40E5-4AB5-9C69-B08EE028D9F7}"
EndProject
Project("{FAE04EC0-301F-11D3-BF4B-00C04F79EFBC}") = "MyCurrency.Data", "MyCurrency.Data\MyCurrency.Data.csproj", "{A0DC8D85-8F54-4CA0-9A2C-8873BA01D23C}"
EndProject
Global
	GlobalSection(SolutionConfigurationPlatforms) = preSolution
		Debug|Any CPU = Debug|Any CPU
		Release|Any CPU = Release|Any CPU
	EndGlobalSection
	GlobalSection(ProjectConfigurationPlatforms) = postSolution
		{2B644145-40E5-4AB5-9C69-B08EE028D9F7}.Debug|Any CPU.ActiveCfg = Debug|Any CPU
		{2B644145-40E5-4AB5-9C69-B08EE028D9F7}.Debug|Any CPU.Build.0 = Debug|Any CPU
		{2B644145-40E5-4AB5-9C69-B08EE028D9F7}.Release|Any CPU.ActiveCfg = Release|Any CPU
		{2B644145-40E5-4AB5-9C69-B08EE028D9F7}.Release|Any CPU.Build.0 = Release|Any CPU
		{A0DC8D85-8F54-4CA0-9A2C-8873BA01D23C}.Debug|Any CPU.ActiveCfg = Debug|Any CPU
		{A0DC8D85-8F54-4CA0-9A2C-8873BA01D23C}.Debug|Any CPU.Build.0 = Debug|Any CPU
		{A0DC8D85-8F54-4CA0-9A2C-8873BA01D23C}.Release|Any CPU.ActiveCfg = Release|Any CPU
		{A0DC8D85-8F54-4CA0-9A2C-8873BA01D23C}.Release|Any CPU.Build.0 = Release|Any CPU
	EndGlobalSection
	GlobalSection(SolutionProperties) = preSolution
		HideSolutionNode = FALSE
	EndGlobalSection
	GlobalSection(ExtensibilityGlobals) = postSolution
		SolutionGuid = {5C15B4B6-EAE5-4ACF-81FA-200601BE7D95}
	EndGlobalSection
EndGlobal
